
Microsoft Visual Studio Solution File, Format Version 12.00
# Visual Studio Version 17
VisualStudioVersion = 17.0.31919.166
MinimumVisualStudioVersion = 10.0.40219.1
Project("{9A19103F-16F7-4668-BE54-9A1E7A4F7556}") = "Notification Template Editor", "Notification Template Editor\Notification Template Editor.csproj", "{854A908D-DBD7-4247-98C8-7E2A18383DC7}"
EndProject
Global
	GlobalSection(SolutionConfigurationPlatforms) = preSolution
		Debug|Any CPU = Debug|Any CPU
		Release|Any CPU = Release|Any CPU
	EndGlobalSection
	GlobalSection(ProjectConfigurationPlatforms) = postSolution
		{854A908D-DBD7-4247-98C8-7E2A18383DC7}.Debug|Any CPU.ActiveCfg = Debug|Any CPU
		{854A908D-DBD7-4247-98C8-7E2A18383DC7}.Debug|Any CPU.Build.0 = Debug|Any CPU
		{854A908D-DBD7-4247-98C8-7E2A18383DC7}.Release|Any CPU.ActiveCfg = Release|Any CPU
		{854A908D-DBD7-4247-98C8-7E2A18383DC7}.Release|Any CPU.Build.0 = Release|Any CPU
	EndGlobalSection
	GlobalSection(SolutionProperties) = preSolution
		HideSolutionNode = FALSE
	EndGlobalSection
	GlobalSection(ExtensibilityGlobals) = postSolution
		SolutionGuid = {8D214835-36DF-4F0A-A611-BE292CB8175A}
	EndGlobalSection
EndGlobal
